
Microsoft Visual Studio Solution File, Format Version 12.00
# Visual Studio Version 17
VisualStudioVersion = 17.5.002.0
MinimumVisualStudioVersion = 10.0.40219.1
Project("{9A19103F-16F7-4668-BE54-9A1E7A4F7556}") = "task1", "task1\task1.csproj", "{237948A2-99C9-4933-A695-44DEBC443DE1}"
EndProject
Global
	GlobalSection(SolutionConfigurationPlatforms) = preSolution
		Debug|Any CPU = Debug|Any CPU
		Release|Any CPU = Release|Any CPU
	EndGlobalSection
	GlobalSection(ProjectConfigurationPlatforms) = postSolution
		{237948A2-99C9-4933-A695-44DEBC443DE1}.Debug|Any CPU.ActiveCfg = Debug|Any CPU
		{237948A2-99C9-4933-A695-44DEBC443DE1}.Debug|Any CPU.Build.0 = Debug|Any CPU
		{237948A2-99C9-4933-A695-44DEBC443DE1}.Release|Any CPU.ActiveCfg = Release|Any CPU
		{237948A2-99C9-4933-A695-44DEBC443DE1}.Release|Any CPU.Build.0 = Release|Any CPU
	EndGlobalSection
	GlobalSection(SolutionProperties) = preSolution
		HideSolutionNode = FALSE
	EndGlobalSection
	GlobalSection(ExtensibilityGlobals) = postSolution
		SolutionGuid = {2AFF3259-2CCC-4D8D-89AC-5F354C58F841}
	EndGlobalSection
EndGlobal
